
Microsoft Visual Studio Solution File, Format Version 12.00
# Visual Studio Version 16
VisualStudioVersion = 16.0.30406.217
MinimumVisualStudioVersion = 10.0.40219.1
Project("{FAE04EC0-301F-11D3-BF4B-00C04F79EFBC}") = "pong", "pong\pong.csproj", "{B734E208-3CB3-46C7-98C3-914D1A7C673D}"
EndProject
Global
	GlobalSection(SolutionConfigurationPlatforms) = preSolution
		Debug|Any CPU = Debug|Any CPU
		Release|Any CPU = Release|Any CPU
	EndGlobalSection
	GlobalSection(ProjectConfigurationPlatforms) = postSolution
		{B734E208-3CB3-46C7-98C3-914D1A7C673D}.Debug|Any CPU.ActiveCfg = Debug|Any CPU
		{B734E208-3CB3-46C7-98C3-914D1A7C673D}.Debug|Any CPU.Build.0 = Debug|Any CPU
		{B734E208-3CB3-46C7-98C3-914D1A7C673D}.Release|Any CPU.ActiveCfg = Release|Any CPU
		{B734E208-3CB3-46C7-98C3-914D1A7C673D}.Release|Any CPU.Build.0 = Release|Any CPU
	EndGlobalSection
	GlobalSection(SolutionProperties) = preSolution
		HideSolutionNode = FALSE
	EndGlobalSection
	GlobalSection(ExtensibilityGlobals) = postSolution
		SolutionGuid = {483ADCCD-96E8-4918-9DF5-32258448CEAC}
	EndGlobalSection
EndGlobal
